schema: '2.0'
stages:
  clean_tenders_list:
    cmd: python src/clean_tenders_list.py data/tenders-raw.xlsx data/tenders-cleaned.xlsx
    deps:
    - path: data/tenders-raw.xlsx
      hash: md5
      md5: 354eadbcca143da5939dce1f8219778d
      size: 9105228
    - path: src/clean_tenders_list.py
      hash: md5
      md5: 9445ac4f98bb2e7766f7ea436f5b60b7
      size: 368
    outs:
    - path: data/tenders-cleaned.xlsx
      hash: md5
      md5: 7dc942e22d4151449688cae0234f4a6b
      size: 193430
